
Microsoft Visual Studio Solution File, Format Version 12.00
# Visual Studio 14
VisualStudioVersion = 14.0.25420.1
MinimumVisualStudioVersion = 10.0.40219.1
Project("{2150E333-8FDC-42A3-9474-1A3956D46DE8}") = "Core", "Core", "{A89B43E6-B288-40A1-BC1B-BB7268D70DD0}"
EndProject
Project("{FAE04EC0-301F-11D3-BF4B-00C04F79EFBC}") = "iCMS.DomainModels", "src\iCMS.DomainModels\iCMS.DomainModels.csproj", "{828FF3D8-A2E1-493A-B982-E1FBA0C18B08}"
EndProject
Project("{FAE04EC0-301F-11D3-BF4B-00C04F79EFBC}") = "iCMS.Interfaces", "src\iCMS.Interfaces\iCMS.Interfaces.csproj", "{D77311F0-5CB7-4A9A-B3A2-A2F0CB64B177}"
EndProject
Project("{2150E333-8FDC-42A3-9474-1A3956D46DE8}") = "Solution Items", "Solution Items", "{0E536A61-2955-49FD-8FB2-BB5F192E6AA1}"
	ProjectSection(SolutionItems) = preProject
		license = license
		README.md = README.md
	EndProjectSection
EndProject
Project("{2150E333-8FDC-42A3-9474-1A3956D46DE8}") = "Application", "Application", "{98AA12A3-5C9E-42AC-801C-7EC5FE8B1111}"
EndProject
Project("{2150E333-8FDC-42A3-9474-1A3956D46DE8}") = "Infrastructure", "Infrastructure", "{E9236B1F-A99A-4138-84FE-781A5311B23F}"
EndProject
Project("{2150E333-8FDC-42A3-9474-1A3956D46DE8}") = "Mocks", "Mocks", "{3DEC2E7B-F9B7-4239-AA7B-2A74CA2B131B}"
EndProject
Project("{2150E333-8FDC-42A3-9474-1A3956D46DE8}") = "Shared", "Shared", "{769453E4-38A4-4BBF-BFCA-EA69A6ACDD2B}"
EndProject
Project("{2150E333-8FDC-42A3-9474-1A3956D46DE8}") = "Tests", "Tests", "{B4B2BD85-530C-4180-BC1E-88D9DB56A1A5}"
EndProject
Project("{2150E333-8FDC-42A3-9474-1A3956D46DE8}") = "Web", "Web", "{A34C3328-4480-4CCA-B263-9DF26F68BC49}"
EndProject
Project("{FAE04EC0-301F-11D3-BF4B-00C04F79EFBC}") = "iCMS.ApplicationServices", "src\iCMS.ApplicationServices\iCMS.ApplicationServices.csproj", "{DD3ED31E-5757-4504-B929-4DF7EF23E2EE}"
EndProject
Project("{FAE04EC0-301F-11D3-BF4B-00C04F79EFBC}") = "iCMS.ViewModels", "src\iCMS.ViewModels\iCMS.ViewModels.csproj", "{4325C16D-313C-4B99-A714-D6081F672B3D}"
EndProject
Project("{FAE04EC0-301F-11D3-BF4B-00C04F79EFBC}") = "iCMS..Infrastructure", "src\iCMS..Infrastructure\iCMS..Infrastructure.csproj", "{5BCE449C-2CB7-45ED-886C-A0A1745FB059}"
EndProject
Project("{FAE04EC0-301F-11D3-BF4B-00C04F79EFBC}") = "iCMS.MongoDb", "src\iCMS.MongoDb\iCMS.MongoDb.csproj", "{32BAA9C6-7322-42C3-9AFC-F9D85F356A58}"
EndProject
Project("{FAE04EC0-301F-11D3-BF4B-00C04F79EFBC}") = "iCMS.Mocks", "src\iCMS.Mocks\iCMS.Mocks.csproj", "{60ABA06C-47C6-4835-8B70-1ADC048DB267}"
EndProject
Project("{FAE04EC0-301F-11D3-BF4B-00C04F79EFBC}") = "iCMS.SharedKernel", "src\iCMS.SharedKernel\iCMS.SharedKernel.csproj", "{5EB100C0-584C-4DCD-AD25-90A859093834}"
EndProject
Project("{FAE04EC0-301F-11D3-BF4B-00C04F79EFBC}") = "iCMS.UnitTests", "src\iCMS.UnitTests\iCMS.UnitTests.csproj", "{D0CEBD31-B66E-4E8F-833D-0F5D99B973B5}"
EndProject
Project("{FAE04EC0-301F-11D3-BF4B-00C04F79EFBC}") = "iCMS.Api", "src\iCMS.Api\iCMS.Api.csproj", "{112E2D97-E912-4E80-81CD-A185D13407BA}"
EndProject
Global
	GlobalSection(SolutionConfigurationPlatforms) = preSolution
		Debug|Any CPU = Debug|Any CPU
		Release|Any CPU = Release|Any CPU
	EndGlobalSection
	GlobalSection(ProjectConfigurationPlatforms) = postSolution
		{828FF3D8-A2E1-493A-B982-E1FBA0C18B08}.Debug|Any CPU.ActiveCfg = Debug|Any CPU
		{828FF3D8-A2E1-493A-B982-E1FBA0C18B08}.Debug|Any CPU.Build.0 = Debug|Any CPU
		{828FF3D8-A2E1-493A-B982-E1FBA0C18B08}.Release|Any CPU.ActiveCfg = Release|Any CPU
		{828FF3D8-A2E1-493A-B982-E1FBA0C18B08}.Release|Any CPU.Build.0 = Release|Any CPU
		{D77311F0-5CB7-4A9A-B3A2-A2F0CB64B177}.Debug|Any CPU.ActiveCfg = Debug|Any CPU
		{D77311F0-5CB7-4A9A-B3A2-A2F0CB64B177}.Debug|Any CPU.Build.0 = Debug|Any CPU
		{D77311F0-5CB7-4A9A-B3A2-A2F0CB64B177}.Release|Any CPU.ActiveCfg = Release|Any CPU
		{D77311F0-5CB7-4A9A-B3A2-A2F0CB64B177}.Release|Any CPU.Build.0 = Release|Any CPU
		{DD3ED31E-5757-4504-B929-4DF7EF23E2EE}.Debug|Any CPU.ActiveCfg = Debug|Any CPU
		{DD3ED31E-5757-4504-B929-4DF7EF23E2EE}.Debug|Any CPU.Build.0 = Debug|Any CPU
		{DD3ED31E-5757-4504-B929-4DF7EF23E2EE}.Release|Any CPU.ActiveCfg = Release|Any CPU
		{DD3ED31E-5757-4504-B929-4DF7EF23E2EE}.Release|Any CPU.Build.0 = Release|Any CPU
		{4325C16D-313C-4B99-A714-D6081F672B3D}.Debug|Any CPU.ActiveCfg = Debug|Any CPU
		{4325C16D-313C-4B99-A714-D6081F672B3D}.Debug|Any CPU.Build.0 = Debug|Any CPU
		{4325C16D-313C-4B99-A714-D6081F672B3D}.Release|Any CPU.ActiveCfg = Release|Any CPU
		{4325C16D-313C-4B99-A714-D6081F672B3D}.Release|Any CPU.Build.0 = Release|Any CPU
		{5BCE449C-2CB7-45ED-886C-A0A1745FB059}.Debug|Any CPU.ActiveCfg = Debug|Any CPU
		{5BCE449C-2CB7-45ED-886C-A0A1745FB059}.Debug|Any CPU.Build.0 = Debug|Any CPU
		{5BCE449C-2CB7-45ED-886C-A0A1745FB059}.Release|Any CPU.ActiveCfg = Release|Any CPU
		{5BCE449C-2CB7-45ED-886C-A0A1745FB059}.Release|Any CPU.Build.0 = Release|Any CPU
		{32BAA9C6-7322-42C3-9AFC-F9D85F356A58}.Debug|Any CPU.ActiveCfg = Debug|Any CPU
		{32BAA9C6-7322-42C3-9AFC-F9D85F356A58}.Debug|Any CPU.Build.0 = Debug|Any CPU
		{32BAA9C6-7322-42C3-9AFC-F9D85F356A58}.Release|Any CPU.ActiveCfg = Release|Any CPU
		{32BAA9C6-7322-42C3-9AFC-F9D85F356A58}.Release|Any CPU.Build.0 = Release|Any CPU
		{60ABA06C-47C6-4835-8B70-1ADC048DB267}.Debug|Any CPU.ActiveCfg = Debug|Any CPU
		{60ABA06C-47C6-4835-8B70-1ADC048DB267}.Debug|Any CPU.Build.0 = Debug|Any CPU
		{60ABA06C-47C6-4835-8B70-1ADC048DB267}.Release|Any CPU.ActiveCfg = Release|Any CPU
		{60ABA06C-47C6-4835-8B70-1ADC048DB267}.Release|Any CPU.Build.0 = Release|Any CPU
		{5EB100C0-584C-4DCD-AD25-90A859093834}.Debug|Any CPU.ActiveCfg = Debug|Any CPU
		{5EB100C0-584C-4DCD-AD25-90A859093834}.Debug|Any CPU.Build.0 = Debug|Any CPU
		{5EB100C0-584C-4DCD-AD25-90A859093834}.Release|Any CPU.ActiveCfg = Release|Any CPU
		{5EB100C0-584C-4DCD-AD25-90A859093834}.Release|Any CPU.Build.0 = Release|Any CPU
		{D0CEBD31-B66E-4E8F-833D-0F5D99B973B5}.Debug|Any CPU.ActiveCfg = Debug|Any CPU
		{D0CEBD31-B66E-4E8F-833D-0F5D99B973B5}.Debug|Any CPU.Build.0 = Debug|Any CPU
		{D0CEBD31-B66E-4E8F-833D-0F5D99B973B5}.Release|Any CPU.ActiveCfg = Release|Any CPU
		{D0CEBD31-B66E-4E8F-833D-0F5D99B973B5}.Release|Any CPU.Build.0 = Release|Any CPU
		{112E2D97-E912-4E80-81CD-A185D13407BA}.Debug|Any CPU.ActiveCfg = Debug|Any CPU
		{112E2D97-E912-4E80-81CD-A185D13407BA}.Debug|Any CPU.Build.0 = Debug|Any CPU
		{112E2D97-E912-4E80-81CD-A185D13407BA}.Release|Any CPU.ActiveCfg = Release|Any CPU
		{112E2D97-E912-4E80-81CD-A185D13407BA}.Release|Any CPU.Build.0 = Release|Any CPU
	EndGlobalSection
	GlobalSection(SolutionProperties) = preSolution
		HideSolutionNode = FALSE
	EndGlobalSection
	GlobalSection(NestedProjects) = preSolution
		{828FF3D8-A2E1-493A-B982-E1FBA0C18B08} = {A89B43E6-B288-40A1-BC1B-BB7268D70DD0}
		{D77311F0-5CB7-4A9A-B3A2-A2F0CB64B177} = {A89B43E6-B288-40A1-BC1B-BB7268D70DD0}
		{DD3ED31E-5757-4504-B929-4DF7EF23E2EE} = {98AA12A3-5C9E-42AC-801C-7EC5FE8B1111}
		{4325C16D-313C-4B99-A714-D6081F672B3D} = {98AA12A3-5C9E-42AC-801C-7EC5FE8B1111}
		{5BCE449C-2CB7-45ED-886C-A0A1745FB059} = {E9236B1F-A99A-4138-84FE-781A5311B23F}
		{32BAA9C6-7322-42C3-9AFC-F9D85F356A58} = {E9236B1F-A99A-4138-84FE-781A5311B23F}
		{60ABA06C-47C6-4835-8B70-1ADC048DB267} = {3DEC2E7B-F9B7-4239-AA7B-2A74CA2B131B}
		{5EB100C0-584C-4DCD-AD25-90A859093834} = {769453E4-38A4-4BBF-BFCA-EA69A6ACDD2B}
		{D0CEBD31-B66E-4E8F-833D-0F5D99B973B5} = {B4B2BD85-530C-4180-BC1E-88D9DB56A1A5}
		{112E2D97-E912-4E80-81CD-A185D13407BA} = {A34C3328-4480-4CCA-B263-9DF26F68BC49}
	EndGlobalSection
EndGlobal
